
Microsoft Visual Studio Solution File, Format Version 12.00
# Visual Studio Version 17
VisualStudioVersion = 17.9.34728.123
MinimumVisualStudioVersion = 10.0.40219.1
Project("{9A19103F-16F7-4668-BE54-9A1E7A4F7556}") = "ParcelCalculator", "src\ParcelCalculator.csproj", "{014C28F5-0FC6-4580-A214-A92E68B9DE0A}"
EndProject
Project("{FAE04EC0-301F-11D3-BF4B-00C04F79EFBC}") = "ParcelCalculatorTests", "tests\ParcelCalculatorTests\ParcelCalculatorTests.csproj", "{F246BD98-415E-4A8F-95C1-890E280847D9}"
EndProject
Global
	GlobalSection(SolutionConfigurationPlatforms) = preSolution
		Debug|Any CPU = Debug|Any CPU
		Release|Any CPU = Release|Any CPU
	EndGlobalSection
	GlobalSection(ProjectConfigurationPlatforms) = postSolution
		{014C28F5-0FC6-4580-A214-A92E68B9DE0A}.Debug|Any CPU.ActiveCfg = Debug|Any CPU
		{014C28F5-0FC6-4580-A214-A92E68B9DE0A}.Debug|Any CPU.Build.0 = Debug|Any CPU
		{014C28F5-0FC6-4580-A214-A92E68B9DE0A}.Release|Any CPU.ActiveCfg = Release|Any CPU
		{014C28F5-0FC6-4580-A214-A92E68B9DE0A}.Release|Any CPU.Build.0 = Release|Any CPU
		{F246BD98-415E-4A8F-95C1-890E280847D9}.Debug|Any CPU.ActiveCfg = Debug|Any CPU
		{F246BD98-415E-4A8F-95C1-890E280847D9}.Debug|Any CPU.Build.0 = Debug|Any CPU
		{F246BD98-415E-4A8F-95C1-890E280847D9}.Release|Any CPU.ActiveCfg = Release|Any CPU
		{F246BD98-415E-4A8F-95C1-890E280847D9}.Release|Any CPU.Build.0 = Release|Any CPU
	EndGlobalSection
	GlobalSection(SolutionProperties) = preSolution
		HideSolutionNode = FALSE
	EndGlobalSection
	GlobalSection(ExtensibilityGlobals) = postSolution
		SolutionGuid = {DCE1F728-7CEB-49CE-A06E-20DC0E65EA16}
	EndGlobalSection
EndGlobal
